
Microsoft Visual Studio Solution File, Format Version 12.00
# Visual Studio Version 17
VisualStudioVersion = 17.0.32014.148
MinimumVisualStudioVersion = 10.0.40219.1
Project("{FAE04EC0-301F-11D3-BF4B-00C04F79EFBC}") = "WearableClientSimulation", "WearableClientSimulation\WearableClientSimulation.csproj", "{6BC5622D-9B64-4B28-B5BF-E565F7C4EBEC}"
EndProject
Global
	GlobalSection(SolutionConfigurationPlatforms) = preSolution
		Debug|Any CPU = Debug|Any CPU
		Release|Any CPU = Release|Any CPU
	EndGlobalSection
	GlobalSection(ProjectConfigurationPlatforms) = postSolution
		{6BC5622D-9B64-4B28-B5BF-E565F7C4EBEC}.Debug|Any CPU.ActiveCfg = Debug|Any CPU
		{6BC5622D-9B64-4B28-B5BF-E565F7C4EBEC}.Debug|Any CPU.Build.0 = Debug|Any CPU
		{6BC5622D-9B64-4B28-B5BF-E565F7C4EBEC}.Release|Any CPU.ActiveCfg = Release|Any CPU
		{6BC5622D-9B64-4B28-B5BF-E565F7C4EBEC}.Release|Any CPU.Build.0 = Release|Any CPU
	EndGlobalSection
	GlobalSection(SolutionProperties) = preSolution
		HideSolutionNode = FALSE
	EndGlobalSection
	GlobalSection(ExtensibilityGlobals) = postSolution
		SolutionGuid = {96CA27F1-38F4-4923-958E-6BC721FA4229}
	EndGlobalSection
EndGlobal
